
Microsoft Visual Studio Solution File, Format Version 12.00
# Visual Studio Version 16
VisualStudioVersion = 16.0.30413.136
MinimumVisualStudioVersion = 10.0.40219.1
Project("{FAE04EC0-301F-11D3-BF4B-00C04F79EFBC}") = "CHAT WPF", "CHAT WPF\CHAT WPF.csproj", "{33DD722F-F655-46AE-B21E-26C78FE29DF2}"
EndProject
Global
	GlobalSection(SolutionConfigurationPlatforms) = preSolution
		Debug|Any CPU = Debug|Any CPU
		Release|Any CPU = Release|Any CPU
	EndGlobalSection
	GlobalSection(ProjectConfigurationPlatforms) = postSolution
		{33DD722F-F655-46AE-B21E-26C78FE29DF2}.Debug|Any CPU.ActiveCfg = Debug|Any CPU
		{33DD722F-F655-46AE-B21E-26C78FE29DF2}.Debug|Any CPU.Build.0 = Debug|Any CPU
		{33DD722F-F655-46AE-B21E-26C78FE29DF2}.Release|Any CPU.ActiveCfg = Release|Any CPU
		{33DD722F-F655-46AE-B21E-26C78FE29DF2}.Release|Any CPU.Build.0 = Release|Any CPU
	EndGlobalSection
	GlobalSection(SolutionProperties) = preSolution
		HideSolutionNode = FALSE
	EndGlobalSection
	GlobalSection(ExtensibilityGlobals) = postSolution
		SolutionGuid = {9A9CEC07-0EF2-4367-9B60-0F50BE9A9DBA}
	EndGlobalSection
EndGlobal
